{
  "name": "increlation",
  "version": "1.0.0",
  "lockfileVersion": 2,
  "requires": true,
  "packages": {
    "": {
      "version": "1.0.0",
      "license": "ISC",
      "devDependencies": {
        "basictap": "^2.2.1"
      }
    },
    "node_modules/basictap": {
      "version": "2.2.1",
      "resolved": "https://registry.npmjs.org/basictap/-/basictap-2.2.1.tgz",
      "integrity": "sha512-swsaokEcWVcjJ2iwffUJTqo+stJo6wxcFeNk1bvCGIkCS+wrGMBLO+MnrBCR1ZAl6DhUCYXOIt00qdSaJFyRvw==",
      "dev": true,
      "dependencies": {
        "colorette": "^1.3.0",
        "events": "^3.3.0",
        "promise-limit": "^2.7.0"
      }
    },
    "node_modules/colorette": {
      "version": "1.4.0",
      "resolved": "https://registry.npmjs.org/colorette/-/colorette-1.4.0.tgz",
      "integrity": "sha512-Y2oEozpomLn7Q3HFP7dpww7AtMJplbM9lGZP6RDfHqmbeRjiwRg4n6VM6j4KLmRke85uWEI7JqF17f3pqdRA0g==",
      "dev": true
    },
    "node_modules/events": {
      "version": "3.3.0",
      "resolved": "https://registry.npmjs.org/events/-/events-3.3.0.tgz",
      "integrity": "sha512-mQw+2fkQbALzQ7V0MY0IqdnXNOeTtP4r0lN9z7AAawCXgqea7bDii20AYrIBrFd/Hx0M2Ocz6S111CaFkUcb0Q==",
      "dev": true,
      "engines": {
        "node": ">=0.8.x"
      }
    },
    "node_modules/promise-limit": {
      "version": "2.7.0",
      "resolved": "https://registry.npmjs.org/promise-limit/-/promise-limit-2.7.0.tgz",
      "integrity": "sha512-7nJ6v5lnJsXwGprnGXga4wx6d1POjvi5Qmf1ivTRxTjH4Z/9Czja/UCMLVmB9N93GeWOU93XaFaEt6jbuoagNw==",
      "dev": true
    }
  },
  "dependencies": {
    "basictap": {
      "version": "2.2.1",
      "resolved": "https://registry.npmjs.org/basictap/-/basictap-2.2.1.tgz",
      "integrity": "sha512-swsaokEcWVcjJ2iwffUJTqo+stJo6wxcFeNk1bvCGIkCS+wrGMBLO+MnrBCR1ZAl6DhUCYXOIt00qdSaJFyRvw==",
      "dev": true,
      "requires": {
        "colorette": "^1.3.0",
        "events": "^3.3.0",
        "promise-limit": "^2.7.0"
      }
    },
    "colorette": {
      "version": "1.4.0",
      "resolved": "https://registry.npmjs.org/colorette/-/colorette-1.4.0.tgz",
      "integrity": "sha512-Y2oEozpomLn7Q3HFP7dpww7AtMJplbM9lGZP6RDfHqmbeRjiwRg4n6VM6j4KLmRke85uWEI7JqF17f3pqdRA0g==",
      "dev": true
    },
    "events": {
      "version": "3.3.0",
      "resolved": "https://registry.npmjs.org/events/-/events-3.3.0.tgz",
      "integrity": "sha512-mQw+2fkQbALzQ7V0MY0IqdnXNOeTtP4r0lN9z7AAawCXgqea7bDii20AYrIBrFd/Hx0M2Ocz6S111CaFkUcb0Q==",
      "dev": true
    },
    "promise-limit": {
      "version": "2.7.0",
      "resolved": "https://registry.npmjs.org/promise-limit/-/promise-limit-2.7.0.tgz",
      "integrity": "sha512-7nJ6v5lnJsXwGprnGXga4wx6d1POjvi5Qmf1ivTRxTjH4Z/9Czja/UCMLVmB9N93GeWOU93XaFaEt6jbuoagNw==",
      "dev": true
    }
  }
}
